
Microsoft Visual Studio Solution File, Format Version 12.00
Project("{FAE04EC0-301F-11D3-BF4B-00C04F79EFBC}") = "RiddleSharp", "RiddleSharp.csproj", "{AF321E37-BD5D-4BA0-9FF3-634CA0271495}"
EndProject
Project("{FAE04EC0-301F-11D3-BF4B-00C04F79EFBC}") = "Riddle.Generated", "Riddle.Generated\Riddle.Generated.csproj", "{81D851F5-2762-4A43-9A6B-693C02933CAE}"
EndProject
Project("{2150E333-8FDC-42A3-9474-1A3956D46DE8}") = "Tests", "Tests", "{672BE42D-F625-4CE2-AD51-82F1912A4FD5}"
EndProject
Project("{2150E333-8FDC-42A3-9474-1A3956D46DE8}") = "third_party", "third_party", "{0DC175A4-010F-A5A8-72A9-B7A5E3C716E6}"
EndProject
Project("{2150E333-8FDC-42A3-9474-1A3956D46DE8}") = "LG-CSharp", "LG-CSharp", "{936445EB-3DDB-2554-EB5D-AEEE8FBA0EF1}"
EndProject
Project("{FAE04EC0-301F-11D3-BF4B-00C04F79EFBC}") = "LGenerator", "third_party\LG-CSharp\LGenerator.csproj", "{1F5D8A09-CA7A-46DA-A258-FBAFFF6B4703}"
EndProject
Project("{FAE04EC0-301F-11D3-BF4B-00C04F79EFBC}") = "UnitTest", "UnitTest\UnitTest.csproj", "{33BD12C2-5821-40CE-9B82-1E2174FA054E}"
EndProject
Global
	GlobalSection(SolutionConfigurationPlatforms) = preSolution
		Debug|Any CPU = Debug|Any CPU
		Debug|x64 = Debug|x64
		Debug|x86 = Debug|x86
		Release|Any CPU = Release|Any CPU
		Release|x64 = Release|x64
		Release|x86 = Release|x86
	EndGlobalSection
	GlobalSection(ProjectConfigurationPlatforms) = postSolution
		{AF321E37-BD5D-4BA0-9FF3-634CA0271495}.Debug|Any CPU.ActiveCfg = Debug|Any CPU
		{AF321E37-BD5D-4BA0-9FF3-634CA0271495}.Debug|Any CPU.Build.0 = Debug|Any CPU
		{AF321E37-BD5D-4BA0-9FF3-634CA0271495}.Debug|x64.ActiveCfg = Debug|Any CPU
		{AF321E37-BD5D-4BA0-9FF3-634CA0271495}.Debug|x64.Build.0 = Debug|Any CPU
		{AF321E37-BD5D-4BA0-9FF3-634CA0271495}.Debug|x86.ActiveCfg = Debug|Any CPU
		{AF321E37-BD5D-4BA0-9FF3-634CA0271495}.Debug|x86.Build.0 = Debug|Any CPU
		{AF321E37-BD5D-4BA0-9FF3-634CA0271495}.Release|Any CPU.ActiveCfg = Release|Any CPU
		{AF321E37-BD5D-4BA0-9FF3-634CA0271495}.Release|Any CPU.Build.0 = Release|Any CPU
		{AF321E37-BD5D-4BA0-9FF3-634CA0271495}.Release|x64.ActiveCfg = Release|Any CPU
		{AF321E37-BD5D-4BA0-9FF3-634CA0271495}.Release|x64.Build.0 = Release|Any CPU
		{AF321E37-BD5D-4BA0-9FF3-634CA0271495}.Release|x86.ActiveCfg = Release|Any CPU
		{AF321E37-BD5D-4BA0-9FF3-634CA0271495}.Release|x86.Build.0 = Release|Any CPU
		{81D851F5-2762-4A43-9A6B-693C02933CAE}.Debug|Any CPU.ActiveCfg = Debug|Any CPU
		{81D851F5-2762-4A43-9A6B-693C02933CAE}.Debug|Any CPU.Build.0 = Debug|Any CPU
		{81D851F5-2762-4A43-9A6B-693C02933CAE}.Debug|x64.ActiveCfg = Debug|Any CPU
		{81D851F5-2762-4A43-9A6B-693C02933CAE}.Debug|x64.Build.0 = Debug|Any CPU
		{81D851F5-2762-4A43-9A6B-693C02933CAE}.Debug|x86.ActiveCfg = Debug|Any CPU
		{81D851F5-2762-4A43-9A6B-693C02933CAE}.Debug|x86.Build.0 = Debug|Any CPU
		{81D851F5-2762-4A43-9A6B-693C02933CAE}.Release|Any CPU.ActiveCfg = Release|Any CPU
		{81D851F5-2762-4A43-9A6B-693C02933CAE}.Release|Any CPU.Build.0 = Release|Any CPU
		{81D851F5-2762-4A43-9A6B-693C02933CAE}.Release|x64.ActiveCfg = Release|Any CPU
		{81D851F5-2762-4A43-9A6B-693C02933CAE}.Release|x64.Build.0 = Release|Any CPU
		{81D851F5-2762-4A43-9A6B-693C02933CAE}.Release|x86.ActiveCfg = Release|Any CPU
		{81D851F5-2762-4A43-9A6B-693C02933CAE}.Release|x86.Build.0 = Release|Any CPU
		{1F5D8A09-CA7A-46DA-A258-FBAFFF6B4703}.Debug|Any CPU.ActiveCfg = Debug|Any CPU
		{1F5D8A09-CA7A-46DA-A258-FBAFFF6B4703}.Debug|Any CPU.Build.0 = Debug|Any CPU
		{1F5D8A09-CA7A-46DA-A258-FBAFFF6B4703}.Debug|x64.ActiveCfg = Debug|Any CPU
		{1F5D8A09-CA7A-46DA-A258-FBAFFF6B4703}.Debug|x64.Build.0 = Debug|Any CPU
		{1F5D8A09-CA7A-46DA-A258-FBAFFF6B4703}.Debug|x86.ActiveCfg = Debug|Any CPU
		{1F5D8A09-CA7A-46DA-A258-FBAFFF6B4703}.Debug|x86.Build.0 = Debug|Any CPU
		{1F5D8A09-CA7A-46DA-A258-FBAFFF6B4703}.Release|Any CPU.ActiveCfg = Release|Any CPU
		{1F5D8A09-CA7A-46DA-A258-FBAFFF6B4703}.Release|Any CPU.Build.0 = Release|Any CPU
		{1F5D8A09-CA7A-46DA-A258-FBAFFF6B4703}.Release|x64.ActiveCfg = Release|Any CPU
		{1F5D8A09-CA7A-46DA-A258-FBAFFF6B4703}.Release|x64.Build.0 = Release|Any CPU
		{1F5D8A09-CA7A-46DA-A258-FBAFFF6B4703}.Release|x86.ActiveCfg = Release|Any CPU
		{1F5D8A09-CA7A-46DA-A258-FBAFFF6B4703}.Release|x86.Build.0 = Release|Any CPU
		{33BD12C2-5821-40CE-9B82-1E2174FA054E}.Debug|Any CPU.ActiveCfg = Debug|Any CPU
		{33BD12C2-5821-40CE-9B82-1E2174FA054E}.Debug|Any CPU.Build.0 = Debug|Any CPU
		{33BD12C2-5821-40CE-9B82-1E2174FA054E}.Debug|x64.ActiveCfg = Debug|Any CPU
		{33BD12C2-5821-40CE-9B82-1E2174FA054E}.Debug|x64.Build.0 = Debug|Any CPU
		{33BD12C2-5821-40CE-9B82-1E2174FA054E}.Debug|x86.ActiveCfg = Debug|Any CPU
		{33BD12C2-5821-40CE-9B82-1E2174FA054E}.Debug|x86.Build.0 = Debug|Any CPU
		{33BD12C2-5821-40CE-9B82-1E2174FA054E}.Release|Any CPU.ActiveCfg = Release|Any CPU
		{33BD12C2-5821-40CE-9B82-1E2174FA054E}.Release|Any CPU.Build.0 = Release|Any CPU
		{33BD12C2-5821-40CE-9B82-1E2174FA054E}.Release|x64.ActiveCfg = Release|Any CPU
		{33BD12C2-5821-40CE-9B82-1E2174FA054E}.Release|x64.Build.0 = Release|Any CPU
		{33BD12C2-5821-40CE-9B82-1E2174FA054E}.Release|x86.ActiveCfg = Release|Any CPU
		{33BD12C2-5821-40CE-9B82-1E2174FA054E}.Release|x86.Build.0 = Release|Any CPU
	EndGlobalSection
	GlobalSection(SolutionProperties) = preSolution
		HideSolutionNode = FALSE
	EndGlobalSection
	GlobalSection(NestedProjects) = preSolution
		{936445EB-3DDB-2554-EB5D-AEEE8FBA0EF1} = {0DC175A4-010F-A5A8-72A9-B7A5E3C716E6}
		{1F5D8A09-CA7A-46DA-A258-FBAFFF6B4703} = {936445EB-3DDB-2554-EB5D-AEEE8FBA0EF1}
		{33BD12C2-5821-40CE-9B82-1E2174FA054E} = {672BE42D-F625-4CE2-AD51-82F1912A4FD5}
	EndGlobalSection
EndGlobal
